
Microsoft Visual Studio Solution File, Format Version 12.00
# Visual Studio Version 16
VisualStudioVersion = 25.0.1705.3
MinimumVisualStudioVersion = 10.0.40219.1
Project("{FAE04EC0-301F-11D3-BF4B-00C04F79EFBC}") = "HelloWorld", "HelloWorld\HelloWorld.csproj", "{98F0D708-EB4C-4EF6-B238-C46C58D2303D}"
EndProject
Global
	GlobalSection(SolutionConfigurationPlatforms) = preSolution
		Debug|Any CPU = Debug|Any CPU
		Release|Any CPU = Release|Any CPU
	EndGlobalSection
	GlobalSection(ProjectConfigurationPlatforms) = postSolution
		{98F0D708-EB4C-4EF6-B238-C46C58D2303D}.Debug|Any CPU.ActiveCfg = Debug|Any CPU
		{98F0D708-EB4C-4EF6-B238-C46C58D2303D}.Debug|Any CPU.Build.0 = Debug|Any CPU
		{98F0D708-EB4C-4EF6-B238-C46C58D2303D}.Release|Any CPU.ActiveCfg = Release|Any CPU
		{98F0D708-EB4C-4EF6-B238-C46C58D2303D}.Release|Any CPU.Build.0 = Release|Any CPU
	EndGlobalSection
	GlobalSection(SolutionProperties) = preSolution
		HideSolutionNode = FALSE
	EndGlobalSection
	GlobalSection(ExtensibilityGlobals) = postSolution
		SolutionGuid = {20418C07-2530-4C89-AF54-E3CBF572FB49}
	EndGlobalSection
EndGlobal
